PODS:
  - Alamofire (5.6.1)
  - AppAuth (1.5.0):
    - AppAuth/Core (= 1.5.0)
    - AppAuth/ExternalUserAgent (= 1.5.0)
  - AppAuth/Core (1.5.0)
  - AppAuth/ExternalUserAgent (1.5.0):
    - AppAuth/Core
  - FBAEMKit (13.2.0):
    - FBSDKCoreKit_Basics (= 13.2.0)
  - FBSDKCoreKit (13.2.0):
    - FBAEMKit (= 13.2.0)
    - FBSDKCoreKit_Basics (= 13.2.0)
  - FBSDKCoreKit_Basics (13.2.0)
  - FBSDKLoginKit (13.2.0):
    - FBSDKCoreKit (= 13.2.0)
  - Firebase (9.0.0):
    - Firebase/Core (= 9.0.0)
  - Firebase/Analytics (9.0.0):
    - Firebase/Core
  - Firebase/Core (9.0.0):
    - Firebase/CoreOnly
    - FirebaseAnalytics (~> 9.0.0)
  - Firebase/CoreOnly (9.0.0):
    - FirebaseCore (= 9.0.0)
  - Firebase/Crashlytics (9.0.0):
    - Firebase/CoreOnly
    - FirebaseCrashlytics (~> 9.0.0)
  - Firebase/Messaging (9.0.0):
    - Firebase/CoreOnly
    - FirebaseMessaging (~> 9.0.0)
  - Firebase/RemoteConfig (9.0.0):
    - Firebase/CoreOnly
    - FirebaseRemoteConfig (~> 9.0.0)
  - FirebaseABTesting (9.0.0):
    - FirebaseCore (~> 9.0)
  - FirebaseAnalytics (9.0.0):
    - FirebaseAnalytics/AdIdSupport (= 9.0.0)
    - FirebaseCore (~> 9.0)
    - FirebaseInstallations (~> 9.0)
    - GoogleUtilities/AppDelegateSwizzler (~> 7.7)
    - GoogleUtilities/MethodSwizzler (~> 7.7)
    - GoogleUtilities/Network (~> 7.7)
    - "GoogleUtilities/NSData+zlib (~> 7.7)"
    - nanopb (~> 2.30908.0)
  - FirebaseAnalytics/AdIdSupport (9.0.0):
    - FirebaseCore (~> 9.0)
    - FirebaseInstallations (~> 9.0)
    - GoogleAppMeasurement (= 9.0.0)
    - GoogleUtilities/AppDelegateSwizzler (~> 7.7)
    - GoogleUtilities/MethodSwizzler (~> 7.7)
    - GoogleUtilities/Network (~> 7.7)
    - "GoogleUtilities/NSData+zlib (~> 7.7)"
    - nanopb (~> 2.30908.0)
  - FirebaseCore (9.0.0):
    - FirebaseCoreDiagnostics (~> 9.0)
    - FirebaseCoreInternal (~> 9.0)
    - GoogleUtilities/Environment (~> 7.7)
    - GoogleUtilities/Logger (~> 7.7)
  - FirebaseCoreDiagnostics (9.0.0):
    - GoogleDataTransport (~> 9.1)
    - GoogleUtilities/Environment (~> 7.7)
    - GoogleUtilities/Logger (~> 7.7)
    - nanopb (~> 2.30908.0)
  - FirebaseCoreInternal (9.0.0):
    - "GoogleUtilities/NSData+zlib (~> 7.7)"
  - FirebaseCrashlytics (9.0.0):
    - FirebaseCore (~> 9.0)
    - FirebaseInstallations (~> 9.0)
    - GoogleDataTransport (~> 9.1)
    - GoogleUtilities/Environment (~> 7.7)
    - nanopb (~> 2.30908.0)
    - PromisesObjC (~> 2.1)
  - FirebaseInstallations (9.0.0):
    - FirebaseCore (~> 9.0)
    - GoogleUtilities/Environment (~> 7.7)
    - GoogleUtilities/UserDefaults (~> 7.7)
    - PromisesObjC (~> 2.1)
  - FirebaseMessaging (9.0.0):
    - FirebaseCore (~> 9.0)
    - FirebaseInstallations (~> 9.0)
    - GoogleDataTransport (~> 9.1)
    - GoogleUtilities/AppDelegateSwizzler (~> 7.7)
    - GoogleUtilities/Environment (~> 7.7)
    - GoogleUtilities/Reachability (~> 7.7)
    - GoogleUtilities/UserDefaults (~> 7.7)
    - nanopb (~> 2.30908.0)
  - FirebaseRemoteConfig (9.0.0):
    - FirebaseABTesting (~> 9.0)
    - FirebaseCore (~> 9.0)
    - FirebaseInstallations (~> 9.0)
    - GoogleUtilities/Environment (~> 7.7)
    - "GoogleUtilities/NSData+zlib (~> 7.7)"
  - FSCalendar (2.8.4)
  - Google-Mobile-Ads-SDK (9.5.0):
    - GoogleAppMeasurement (< 10.0, >= 7.0)
    - GoogleUserMessagingPlatform (>= 1.1)
  - GoogleAppMeasurement (9.0.0):
    - GoogleAppMeasurement/AdIdSupport (= 9.0.0)
    - GoogleUtilities/AppDelegateSwizzler (~> 7.7)
    - GoogleUtilities/MethodSwizzler (~> 7.7)
    - GoogleUtilities/Network (~> 7.7)
    - "GoogleUtilities/NSData+zlib (~> 7.7)"
    - nanopb (~> 2.30908.0)
  - GoogleAppMeasurement/AdIdSupport (9.0.0):
    - GoogleAppMeasurement/WithoutAdIdSupport (= 9.0.0)
    - GoogleUtilities/AppDelegateSwizzler (~> 7.7)
    - GoogleUtilities/MethodSwizzler (~> 7.7)
    - GoogleUtilities/Network (~> 7.7)
    - "GoogleUtilities/NSData+zlib (~> 7.7)"
    - nanopb (~> 2.30908.0)
  - GoogleAppMeasurement/WithoutAdIdSupport (9.0.0):
    - GoogleUtilities/AppDelegateSwizzler (~> 7.7)
    - GoogleUtilities/MethodSwizzler (~> 7.7)
    - GoogleUtilities/Network (~> 7.7)
    - "GoogleUtilities/NSData+zlib (~> 7.7)"
    - nanopb (~> 2.30908.0)
  - GoogleDataTransport (9.1.4):
    - GoogleUtilities/Environment (~> 7.7)
    - nanopb (< 2.30910.0, >= 2.30908.0)
    - PromisesObjC (< 3.0, >= 1.2)
  - GoogleSignIn (6.1.0):
    - AppAuth (~> 1.4)
    - GTMAppAuth (~> 1.0)
    - GTMSessionFetcher/Core (~> 1.1)
  - GoogleUserMessagingPlatform (2.0.0)
  - GoogleUtilities/AppDelegateSwizzler (7.7.0):
    - GoogleUtilities/Environment
    - GoogleUtilities/Logger
    - GoogleUtilities/Network
  - GoogleUtilities/Environment (7.7.0):
    - PromisesObjC (< 3.0, >= 1.2)
  - GoogleUtilities/Logger (7.7.0):
    - GoogleUtilities/Environment
  - GoogleUtilities/MethodSwizzler (7.7.0):
    - GoogleUtilities/Logger
  - GoogleUtilities/Network (7.7.0):
    - GoogleUtilities/Logger
    - "GoogleUtilities/NSData+zlib"
    - GoogleUtilities/Reachability
  - "GoogleUtilities/NSData+zlib (7.7.0)"
  - GoogleUtilities/Reachability (7.7.0):
    - GoogleUtilities/Logger
  - GoogleUtilities/UserDefaults (7.7.0):
    - GoogleUtilities/Logger
  - GTMAppAuth (1.3.0):
    - AppAuth/Core (~> 1.4)
    - GTMSessionFetcher/Core (~> 1.5)
  - GTMSessionFetcher/Core (1.7.2)
  - HorizonCalendar (1.13.4)
  - IQKeyboardManagerSwift (6.5.10)
  - nanopb (2.30908.0):
    - nanopb/decode (= 2.30908.0)
    - nanopb/encode (= 2.30908.0)
  - nanopb/decode (2.30908.0)
  - nanopb/encode (2.30908.0)
  - NVActivityIndicatorView (5.1.1):
    - NVActivityIndicatorView/Base (= 5.1.1)
  - NVActivityIndicatorView/Base (5.1.1)
  - OTPFieldView (1.0.1)
  - PromisesObjC (2.1.0)
  - razorpay-pod (1.1.16)
  - SDWebImage (5.12.5):
    - SDWebImage/Core (= 5.12.5)
  - SDWebImage/Core (5.12.5)
  - SmoothPicker (1.1.3):
    - SnapKit (~> 4.2.0)
  - SnapKit (4.2.0)
  - Socket.IO-Client-Swift (16.0.1):
    - Starscream (~> 4.0)
  - Starscream (4.0.4)
  - SwiftyGif (5.4.3)
  - Toast-Swift (5.0.1)

DEPENDENCIES:
  - Alamofire (~> 5.4)
  - FBSDKLoginKit
  - Firebase
  - Firebase/Analytics
  - Firebase/Crashlytics
  - Firebase/Messaging
  - Firebase/RemoteConfig
  - FSCalendar
  - Google-Mobile-Ads-SDK
  - GoogleSignIn
  - HorizonCalendar
  - IQKeyboardManagerSwift
  - NVActivityIndicatorView
  - OTPFieldView
  - razorpay-pod (= 1.1.16)
  - SDWebImage
  - SmoothPicker
  - Socket.IO-Client-Swift
  - SwiftyGif
  - Toast-Swift

SPEC REPOS:
  trunk:
    - Alamofire
    - AppAuth
    - FBAEMKit
    - FBSDKCoreKit
    - FBSDKCoreKit_Basics
    - FBSDKLoginKit
    - Firebase
    - FirebaseABTesting
    - FirebaseAnalytics
    - FirebaseCore
    - FirebaseCoreDiagnostics
    - FirebaseCoreInternal
    - FirebaseCrashlytics
    - FirebaseInstallations
    - FirebaseMessaging
    - FirebaseRemoteConfig
    - FSCalendar
    - Google-Mobile-Ads-SDK
    - GoogleAppMeasurement
    - GoogleDataTransport
    - GoogleSignIn
    - GoogleUserMessagingPlatform
    - GoogleUtilities
    - GTMAppAuth
    - GTMSessionFetcher
    - HorizonCalendar
    - IQKeyboardManagerSwift
    - nanopb
    - NVActivityIndicatorView
    - OTPFieldView
    - PromisesObjC
    - razorpay-pod
    - SDWebImage
    - SmoothPicker
    - SnapKit
    - Socket.IO-Client-Swift
    - Starscream
    - SwiftyGif
    - Toast-Swift

SPEC CHECKSUMS:
  Alamofire: 87bd8c952f9a4454320fce00d9cc3de57bcadaf5
  AppAuth: 80317d99ac7ff2801a2f18ff86b48cd315ed465d
  FBAEMKit: c2b2895363b7e57192013d1dc49fdf498b28624c
  FBSDKCoreKit: 58139803d861e72c7661dc875611a759352a55ac
  FBSDKCoreKit_Basics: 1ffc68326a5ece051d85574f02a0adcf27c2a5f2
  FBSDKLoginKit: 19e2a878556c2ee4f20486dc406e582783cd7578
  Firebase: a876fadc5ea653a377693376fd4f885c62704512
  FirebaseABTesting: 3ca58e0ff49cda880e5c46e1b19a4f34fab45d10
  FirebaseAnalytics: ea4f6f4b604a20b4de4d3c7f7a2cb51d9a989040
  FirebaseCore: e4c0b5d9727eaee0b43f9ed00baff7500c188d7b
  FirebaseCoreDiagnostics: 54410e5d156bf406a764c2722d9f77d682723b4c
  FirebaseCoreInternal: 5b8f4f2e2970a4cb9bd1cf7ada16c8ba69a29530
  FirebaseCrashlytics: 08561398868790fc9694b85efb4c080940926fcc
  FirebaseInstallations: e693c0dfe404af44afbd553de42498b2ca1ca189
  FirebaseMessaging: 411a61cde991cbd00b5b11c7a25e0c8f28c44990
  FirebaseRemoteConfig: f0d8478cbf4817ebc463b3d9173a6bdf297f8031
  FSCalendar: 2d1d0d9398f12d439f55c1fe0f01525b151b8260
  Google-Mobile-Ads-SDK: caf686ba55108412e02a3eedb136e12e488dbfaa
  GoogleAppMeasurement: 2c2792d43ebdea0524adbc90cba9139721f3039b
  GoogleDataTransport: 5fffe35792f8b96ec8d6775f5eccd83c998d5a3b
  GoogleSignIn: c90b5bec45e780f54c6a8e1e3c182a86e3dda69d
  GoogleUserMessagingPlatform: ab890ce5f6620f293a21b6bdd82e416a2c73aeca
  GoogleUtilities: e0913149f6b0625b553d70dae12b49fc62914fd1
  GTMAppAuth: 4d8f864896f3646f0c33baf38a28362f4c601e15
  GTMSessionFetcher: 5595ec75acf5be50814f81e9189490412bad82ba
  HorizonCalendar: 3e5cc89c30bb0207663581d2c798378dd6400406
  IQKeyboardManagerSwift: 52962c76ab33532f15ad9f3ff4e5715eda5335bb
  nanopb: a0ba3315591a9ae0a16a309ee504766e90db0c96
  NVActivityIndicatorView: 1f6c5687f1171810aa27a3296814dc2d7dec3667
  OTPFieldView: 700a752fe62c41d1c4914c78aa500fb30d97c255
  PromisesObjC: 99b6f43f9e1044bd87a95a60beff28c2c44ddb72
  razorpay-pod: f1763f8ee8f83152837abe7de1cdfbcd4eb035b9
  SDWebImage: 0905f1b7760fc8ac4198cae0036600d67478751e
  SmoothPicker: a3f4b3c3a95fff73f20d526856aeff2c32696375
  SnapKit: fe8a619752f3f27075cc9a90244d75c6c3f27e2a
  Socket.IO-Client-Swift: c116d6dc9fd6be9c259bacfe143f8725bce7d79e
  Starscream: 5178aed56b316f13fa3bc55694e583d35dd414d9
  SwiftyGif: 6c3eafd0ce693cad58bb63d2b2fb9bacb8552780
  Toast-Swift: 9b6a70f28b3bf0b96c40d46c0c4b9d6639846711

PODFILE CHECKSUM: 68546069b710522f0790df4054ea29c4451c874f

COCOAPODS: 1.11.3
